
Microsoft Visual Studio Solution File, Format Version 11.00
# Visual Studio 2010
Project("{FAE04EC0-301F-11D3-BF4B-00C04F79EFBC}") = "Assembly-CSharp", "Assembly-CSharp.csproj", "{7EF5A505-C0DA-1544-FF07-6FDF5D281FAF}"
EndProject
Global
	GlobalSection(SolutionConfigurationPlatforms) = preSolution
		Debug|Any CPU = Debug|Any CPU
		Release|Any CPU = Release|Any CPU
	EndGlobalSection
	GlobalSection(ProjectConfigurationPlatforms) = postSolution
		{7EF5A505-C0DA-1544-FF07-6FDF5D281FAF}.Debug|Any CPU.ActiveCfg = Debug|Any CPU
		{7EF5A505-C0DA-1544-FF07-6FDF5D281FAF}.Debug|Any CPU.Build.0 = Debug|Any CPU
		{7EF5A505-C0DA-1544-FF07-6FDF5D281FAF}.Release|Any CPU.ActiveCfg = Release|Any CPU
		{7EF5A505-C0DA-1544-FF07-6FDF5D281FAF}.Release|Any CPU.Build.0 = Release|Any CPU
	EndGlobalSection
	GlobalSection(SolutionProperties) = preSolution
		HideSolutionNode = FALSE
	EndGlobalSection
EndGlobal
